<Solution>
  <Folder Name="/Solution Items/">
    <File Path=".gitignore" />
    <File Path="README.md" />
    <File Path="global.json" />
    <File Path="Directory.Packages.props" />
  </Folder>
  
  <Folder Name="/src/">
    <Project Path="src/SkribblAI.Api/SkribblAI.Api.csproj" />
    <Project Path="src/SkribblAI.AppHost/SkribblAI.AppHost.csproj" />
    <Project Path="src/SkribblAI.ServiceDefaults/SkribblAI.ServiceDefaults.csproj" />
  </Folder>
  
  <Folder Name="/tests/">
    
  </Folder> 
</Solution>
